
Microsoft Visual Studio Solution File, Format Version 12.00
# Visual Studio Version 17
VisualStudioVersion = 17.3.32929.385
MinimumVisualStudioVersion = 10.0.40219.1
Project("{9A19103F-16F7-4668-BE54-9A1E7A4F7556}") = "WebApplicationMVC", "WebApplicationMVC\WebApplicationMVC.csproj", "{9BE32534-CEC9-4EF7-9D29-C84AC243331E}"
EndProject
Project("{9A19103F-16F7-4668-BE54-9A1E7A4F7556}") = "WebApplicationAPI", "WebApplicationAPI\WebApplicationAPI.csproj", "{E15FDAE1-582A-4A8A-87D3-C3B1A4A04FC8}"
EndProject
Project("{9A19103F-16F7-4668-BE54-9A1E7A4F7556}") = "Entities", "Entities\Entities.csproj", "{2002420E-50DA-4424-8731-18765EE8BECF}"
EndProject
Project("{2150E333-8FDC-42A3-9474-1A3956D46DE8}") = "Solution Items", "Solution Items", "{28CD1465-7ED2-4308-9E84-733AA51A66FE}"
	ProjectSection(SolutionItems) = preProject
		.editorconfig = .editorconfig
	EndProjectSection
EndProject
Project("{FAE04EC0-301F-11D3-BF4B-00C04F79EFBC}") = "UnitTest", "UnitTest\UnitTest.csproj", "{C399D22B-250D-496F-8148-86A38953378F}"
EndProject
Global
	GlobalSection(SolutionConfigurationPlatforms) = preSolution
		Debug|Any CPU = Debug|Any CPU
		Release|Any CPU = Release|Any CPU
	EndGlobalSection
	GlobalSection(ProjectConfigurationPlatforms) = postSolution
		{9BE32534-CEC9-4EF7-9D29-C84AC243331E}.Debug|Any CPU.ActiveCfg = Debug|Any CPU
		{9BE32534-CEC9-4EF7-9D29-C84AC243331E}.Debug|Any CPU.Build.0 = Debug|Any CPU
		{9BE32534-CEC9-4EF7-9D29-C84AC243331E}.Release|Any CPU.ActiveCfg = Release|Any CPU
		{9BE32534-CEC9-4EF7-9D29-C84AC243331E}.Release|Any CPU.Build.0 = Release|Any CPU
		{E15FDAE1-582A-4A8A-87D3-C3B1A4A04FC8}.Debug|Any CPU.ActiveCfg = Debug|Any CPU
		{E15FDAE1-582A-4A8A-87D3-C3B1A4A04FC8}.Debug|Any CPU.Build.0 = Debug|Any CPU
		{E15FDAE1-582A-4A8A-87D3-C3B1A4A04FC8}.Release|Any CPU.ActiveCfg = Release|Any CPU
		{E15FDAE1-582A-4A8A-87D3-C3B1A4A04FC8}.Release|Any CPU.Build.0 = Release|Any CPU
		{2002420E-50DA-4424-8731-18765EE8BECF}.Debug|Any CPU.ActiveCfg = Debug|Any CPU
		{2002420E-50DA-4424-8731-18765EE8BECF}.Debug|Any CPU.Build.0 = Debug|Any CPU
		{2002420E-50DA-4424-8731-18765EE8BECF}.Release|Any CPU.ActiveCfg = Release|Any CPU
		{2002420E-50DA-4424-8731-18765EE8BECF}.Release|Any CPU.Build.0 = Release|Any CPU
		{C399D22B-250D-496F-8148-86A38953378F}.Debug|Any CPU.ActiveCfg = Debug|Any CPU
		{C399D22B-250D-496F-8148-86A38953378F}.Debug|Any CPU.Build.0 = Debug|Any CPU
		{C399D22B-250D-496F-8148-86A38953378F}.Release|Any CPU.ActiveCfg = Release|Any CPU
		{C399D22B-250D-496F-8148-86A38953378F}.Release|Any CPU.Build.0 = Release|Any CPU
	EndGlobalSection
	GlobalSection(SolutionProperties) = preSolution
		HideSolutionNode = FALSE
	EndGlobalSection
	GlobalSection(ExtensibilityGlobals) = postSolution
		SolutionGuid = {EFAA1816-75E7-4BDC-BD94-273E981B3FD6}
	EndGlobalSection
EndGlobal
